
Microsoft Visual Studio Solution File, Format Version 12.00
# Visual Studio 15
VisualStudioVersion = 15.0.28010.2046
MinimumVisualStudioVersion = 10.0.40219.1
Project("{FAE04EC0-301F-11D3-BF4B-00C04F79EFBC}") = "Operazioni", "Operazioni\Operazioni.csproj", "{D07C9153-DE85-4700-BB7B-C5F29135641E}"
EndProject
Global
	GlobalSection(SolutionConfigurationPlatforms) = preSolution
		Debug|Any CPU = Debug|Any CPU
		Release|Any CPU = Release|Any CPU
	EndGlobalSection
	GlobalSection(ProjectConfigurationPlatforms) = postSolution
		{D07C9153-DE85-4700-BB7B-C5F29135641E}.Debug|Any CPU.ActiveCfg = Debug|Any CPU
		{D07C9153-DE85-4700-BB7B-C5F29135641E}.Debug|Any CPU.Build.0 = Debug|Any CPU
		{D07C9153-DE85-4700-BB7B-C5F29135641E}.Release|Any CPU.ActiveCfg = Release|Any CPU
		{D07C9153-DE85-4700-BB7B-C5F29135641E}.Release|Any CPU.Build.0 = Release|Any CPU
	EndGlobalSection
	GlobalSection(SolutionProperties) = preSolution
		HideSolutionNode = FALSE
	EndGlobalSection
	GlobalSection(ExtensibilityGlobals) = postSolution
		SolutionGuid = {953A42DF-6947-4C08-8DF9-94F0A32AA5F3}
	EndGlobalSection
EndGlobal
